// !$*UTF8*$!
{
	archiveVersion = 1;
	classes = {
	};
	objectVersion = 56;
	objects = {

/* Begin PBXBuildFile section */
		65F5E7042CE0C13400D53B34 /* AppDelegate.swift in Sources */ = {isa = PBXBuildFile; fileRef = 65F5E7032CE0C13400D53B34 /* AppDelegate.swift */; };
		65F5E7062CE0C13400D53B34 /* SceneDelegate.swift in Sources */ = {isa = PBXBuildFile; fileRef = 65F5E7052CE0C13400D53B34 /* SceneDelegate.swift */; };
		65F5E7082CE0C13400D53B34 /* ViewController.swift in Sources */ = {isa = PBXBuildFile; fileRef = 65F5E7072CE0C13400D53B34 /* ViewController.swift */; };
		65F5E70B2CE0C13400D53B34 /* Base in Resources */ = {isa = PBXBuildFile; fileRef = 65F5E70A2CE0C13400D53B34 /* Base */; };
		65F5E70D2CE0C13600D53B34 /* Assets.xcassets in Resources */ = {isa = PBXBuildFile; fileRef = 65F5E70C2CE0C13600D53B34 /* Assets.xcassets */; };
		65F5E7102CE0C13600D53B34 /* Base in Resources */ = {isa = PBXBuildFile; fileRef = 65F5E70F2CE0C13600D53B34 /* Base */; };
		65F5E71B2CE0C13600D53B34 /* TestingTests.swift in Sources */ = {isa = PBXBuildFile; fileRef = 65F5E71A2CE0C13600D53B34 /* TestingTests.swift */; };
		65F5E7252CE0C13600D53B34 /* TestingUITests.swift in Sources */ = {isa = PBXBuildFile; fileRef = 65F5E7242CE0C13600D53B34 /* TestingUITests.swift */; };
		65F5E7272CE0C13600D53B34 /* TestingUITestsLaunchTests.swift in Sources */ = {isa = PBXBuildFile; fileRef = 65F5E7262CE0C13600D53B34 /* TestingUITestsLaunchTests.swift */; };
		65F5E7342CE0C1A500D53B34 /* MathsFuncs.swift in Sources */ = {isa = PBXBuildFile; fileRef = 65F5E7332CE0C1A500D53B34 /* MathsFuncs.swift */; };
/* End PBXBuildFile section */

/* Begin PBXContainerItemProxy section */
		65F5E7172CE0C13600D53B34 /* PBXContainerItemProxy */ = {
			isa = PBXContainerItemProxy;
			containerPortal = 65F5E6F82CE0C13400D53B34 /* Project object */;
			proxyType = 1;
			remoteGlobalIDString = 65F5E6FF2CE0C13400D53B34;
			remoteInfo = Testing;
		};
		65F5E7212CE0C13600D53B34 /* PBXContainerItemProxy */ = {
			isa = PBXContainerItemProxy;
			containerPortal = 65F5E6F82CE0C13400D53B34 /* Project object */;
			proxyType = 1;
			remoteGlobalIDString = 65F5E6FF2CE0C13400D53B34;
			remoteInfo = Testing;
		};
/* End PBXContainerItemProxy section */

/* Begin PBXFileReference section */
		65F5E7002CE0C13400D53B34 /* Testing.app */ = {isa = PBXFileReference; explicitFileType = wrapper.application; includeInIndex = 0; path = Testing.app; sourceTree = BUILT_PRODUCTS_DIR; };
		65F5E7032CE0C13400D53B34 /* AppDelegate.swift */ = {isa = PBXFileReference; lastKnownFileType = sourcecode.swift; path = AppDelegate.swift; sourceTree = "<group>"; };
		65F5E7052CE0C13400D53B34 /* SceneDelegate.swift */ = {isa = PBXFileReference; lastKnownFileType = sourcecode.swift; path = SceneDelegate.swift; sourceTree = "<group>"; };
		65F5E7072CE0C13400D53B34 /* ViewController.swift */ = {isa = PBXFileReference; lastKnownFileType = sourcecode.swift; path = ViewController.swift; sourceTree = "<group>"; };
		65F5E70A2CE0C13400D53B34 /* Base */ = {isa = PBXFileReference; lastKnownFileType = file.storyboard; name = Base; path = Base.lproj/Main.storyboard; sourceTree = "<group>"; };
		65F5E70C2CE0C13600D53B34 /* Assets.xcassets */ = {isa = PBXFileReference; lastKnownFileType = folder.assetcatalog; path = Assets.xcassets; sourceTree = "<group>"; };
		65F5E70F2CE0C13600D53B34 /* Base */ = {isa = PBXFileReference; lastKnownFileType = file.storyboard; name = Base; path = Base.lproj/LaunchScreen.storyboard; sourceTree = "<group>"; };
		65F5E7112CE0C13600D53B34 /* Info.plist */ = {isa = PBXFileReference; lastKnownFileType = text.plist.xml; path = Info.plist; sourceTree = "<group>"; };
		65F5E7162CE0C13600D53B34 /* TestingTests.xctest */ = {isa = PBXFileReference; explicitFileType = wrapper.cfbundle; includeInIndex = 0; path = TestingTests.xctest; sourceTree = BUILT_PRODUCTS_DIR; };
		65F5E71A2CE0C13600D53B34 /* TestingTests.swift */ = {isa = PBXFileReference; lastKnownFileType = sourcecode.swift; path = TestingTests.swift; sourceTree = "<group>"; };
		65F5E7202CE0C13600D53B34 /* TestingUITests.xctest */ = {isa = PBXFileReference; explicitFileType = wrapper.cfbundle; includeInIndex = 0; path = TestingUITests.xctest; sourceTree = BUILT_PRODUCTS_DIR; };
		65F5E7242CE0C13600D53B34 /* TestingUITests.swift */ = {isa = PBXFileReference; lastKnownFileType = sourcecode.swift; path = TestingUITests.swift; sourceTree = "<group>"; };
		65F5E7262CE0C13600D53B34 /* TestingUITestsLaunchTests.swift */ = {isa = PBXFileReference; lastKnownFileType = sourcecode.swift; path = TestingUITestsLaunchTests.swift; sourceTree = "<group>"; };
		65F5E7332CE0C1A500D53B34 /* MathsFuncs.swift */ = {isa = PBXFileReference; lastKnownFileType = sourcecode.swift; path = MathsFuncs.swift; sourceTree = "<group>"; };
/* End PBXFileReference section */

/* Begin PBXFrameworksBuildPhase section */
		65F5E6FD2CE0C13400D53B34 /* Frameworks */ = {
			isa = PBXFrameworksBuildPhase;
			buildActionMask = 2147483647;
			files = (
			);
			runOnlyForDeploymentPostprocessing = 0;
		};
		65F5E7132CE0C13600D53B34 /* Frameworks */ = {
			isa = PBXFrameworksBuildPhase;
			buildActionMask = 2147483647;
			files = (
			);
			runOnlyForDeploymentPostprocessing = 0;
		};
		65F5E71D2CE0C13600D53B34 /* Frameworks */ = {
			isa = PBXFrameworksBuildPhase;
			buildActionMask = 2147483647;
			files = (
			);
			runOnlyForDeploymentPostprocessing = 0;
		};
/* End PBXFrameworksBuildPhase section */

/* Begin PBXGroup section */
		65F5E6F72CE0C13400D53B34 = {
			isa = PBXGroup;
			children = (
				65F5E7022CE0C13400D53B34 /* Testing */,
				65F5E7192CE0C13600D53B34 /* TestingTests */,
				65F5E7232CE0C13600D53B34 /* TestingUITests */,
				65F5E7012CE0C13400D53B34 /* Products */,
			);
			sourceTree = "<group>";
		};
		65F5E7012CE0C13400D53B34 /* Products */ = {
			isa = PBXGroup;
			children = (
				65F5E7002CE0C13400D53B34 /* Testing.app */,
				65F5E7162CE0C13600D53B34 /* TestingTests.xctest */,
				65F5E7202CE0C13600D53B34 /* TestingUITests.xctest */,
			);
			name = Products;
			sourceTree = "<group>";
		};
		65F5E7022CE0C13400D53B34 /* Testing */ = {
			isa = PBXGroup;
			children = (
				65F5E7032CE0C13400D53B34 /* AppDelegate.swift */,
				65F5E7052CE0C13400D53B34 /* SceneDelegate.swift */,
				65F5E7072CE0C13400D53B34 /* ViewController.swift */,
				65F5E7092CE0C13400D53B34 /* Main.storyboard */,
				65F5E70C2CE0C13600D53B34 /* Assets.xcassets */,
				65F5E70E2CE0C13600D53B34 /* LaunchScreen.storyboard */,
				65F5E7112CE0C13600D53B34 /* Info.plist */,
				65F5E7332CE0C1A500D53B34 /* MathsFuncs.swift */,
			);
			path = Testing;
			sourceTree = "<group>";
		};
		65F5E7192CE0C13600D53B34 /* TestingTests */ = {
			isa = PBXGroup;
			children = (
				65F5E71A2CE0C13600D53B34 /* TestingTests.swift */,
			);
			path = TestingTests;
			sourceTree = "<group>";
		};
		65F5E7232CE0C13600D53B34 /* TestingUITests */ = {
			isa = PBXGroup;
			children = (
				65F5E7242CE0C13600D53B34 /* TestingUITests.swift */,
				65F5E7262CE0C13600D53B34 /* TestingUITestsLaunchTests.swift */,
			);
			path = TestingUITests;
			sourceTree = "<group>";
		};
/* End PBXGroup section */

/* Begin PBXNativeTarget section */
		65F5E6FF2CE0C13400D53B34 /* Testing */ = {
			isa = PBXNativeTarget;
			buildConfigurationList = 65F5E72A2CE0C13600D53B34 /* Build configuration list for PBXNativeTarget "Testing" */;
			buildPhases = (
				65F5E6FC2CE0C13400D53B34 /* Sources */,
				65F5E6FD2CE0C13400D53B34 /* Frameworks */,
				65F5E6FE2CE0C13400D53B34 /* Resources */,
			);
			buildRules = (
			);
			dependencies = (
			);
			name = Testing;
			productName = Testing;
			productReference = 65F5E7002CE0C13400D53B34 /* Testing.app */;
			productType = "com.apple.product-type.application";
		};
		65F5E7152CE0C13600D53B34 /* TestingTests */ = {
			isa = PBXNativeTarget;
			buildConfigurationList = 65F5E72D2CE0C13600D53B34 /* Build configuration list for PBXNativeTarget "TestingTests" */;
			buildPhases = (
				65F5E7122CE0C13600D53B34 /* Sources */,
				65F5E7132CE0C13600D53B34 /* Frameworks */,
				65F5E7142CE0C13600D53B34 /* Resources */,
			);
			buildRules = (
			);
			dependencies = (
				65F5E7182CE0C13600D53B34 /* PBXTargetDependency */,
			);
			name = TestingTests;
			productName = TestingTests;
			productReference = 65F5E7162CE0C13600D53B34 /* TestingTests.xctest */;
			productType = "com.apple.product-type.bundle.unit-test";
		};
		65F5E71F2CE0C13600D53B34 /* TestingUITests */ = {
			isa = PBXNativeTarget;
			buildConfigurationList = 65F5E7302CE0C13600D53B34 /* Build configuration list for PBXNativeTarget "TestingUITests" */;
			buildPhases = (
				65F5E71C2CE0C13600D53B34 /* Sources */,
				65F5E71D2CE0C13600D53B34 /* Frameworks */,
				65F5E71E2CE0C13600D53B34 /* Resources */,
			);
			buildRules = (
			);
			dependencies = (
				65F5E7222CE0C13600D53B34 /* PBXTargetDependency */,
			);
			name = TestingUITests;
			productName = TestingUITests;
			productReference = 65F5E7202CE0C13600D53B34 /* TestingUITests.xctest */;
			productType = "com.apple.product-type.bundle.ui-testing";
		};
/* End PBXNativeTarget section */

/* Begin PBXProject section */
		65F5E6F82CE0C13400D53B34 /* Project object */ = {
			isa = PBXProject;
			attributes = {
				BuildIndependentTargetsInParallel = 1;
				LastSwiftUpdateCheck = 1540;
				LastUpgradeCheck = 1540;
				TargetAttributes = {
					65F5E6FF2CE0C13400D53B34 = {
						CreatedOnToolsVersion = 15.4;
					};
					65F5E7152CE0C13600D53B34 = {
						CreatedOnToolsVersion = 15.4;
						TestTargetID = 65F5E6FF2CE0C13400D53B34;
					};
					65F5E71F2CE0C13600D53B34 = {
						CreatedOnToolsVersion = 15.4;
						TestTargetID = 65F5E6FF2CE0C13400D53B34;
					};
				};
			};
			buildConfigurationList = 65F5E6FB2CE0C13400D53B34 /* Build configuration list for PBXProject "Testing" */;
			compatibilityVersion = "Xcode 14.0";
			developmentRegion = en;
			hasScannedForEncodings = 0;
			knownRegions = (
				en,
				Base,
			);
			mainGroup = 65F5E6F72CE0C13400D53B34;
			productRefGroup = 65F5E7012CE0C13400D53B34 /* Products */;
			projectDirPath = "";
			projectRoot = "";
			targets = (
				65F5E6FF2CE0C13400D53B34 /* Testing */,
				65F5E7152CE0C13600D53B34 /* TestingTests */,
				65F5E71F2CE0C13600D53B34 /* TestingUITests */,
			);
		};
/* End PBXProject section */

/* Begin PBXResourcesBuildPhase section */
		65F5E6FE2CE0C13400D53B34 /* Resources */ = {
			isa = PBXResourcesBuildPhase;
			buildActionMask = 2147483647;
			files = (
				65F5E70D2CE0C13600D53B34 /* Assets.xcassets in Resources */,
				65F5E7102CE0C13600D53B34 /* Base in Resources */,
				65F5E70B2CE0C13400D53B34 /* Base in Resources */,
			);
			runOnlyForDeploymentPostprocessing = 0;
		};
		65F5E7142CE0C13600D53B34 /* Resources */ = {
			isa = PBXResourcesBuildPhase;
			buildActionMask = 2147483647;
			files = (
			);
			runOnlyForDeploymentPostprocessing = 0;
		};
		65F5E71E2CE0C13600D53B34 /* Resources */ = {
			isa = PBXResourcesBuildPhase;
			buildActionMask = 2147483647;
			files = (
			);
			runOnlyForDeploymentPostprocessing = 0;
		};
/* End PBXResourcesBuildPhase section */

/* Begin PBXSourcesBuildPhase section */
		65F5E6FC2CE0C13400D53B34 /* Sources */ = {
			isa = PBXSourcesBuildPhase;
			buildActionMask = 2147483647;
			files = (
				65F5E7082CE0C13400D53B34 /* ViewController.swift in Sources */,
				65F5E7042CE0C13400D53B34 /* AppDelegate.swift in Sources */,
				65F5E7062CE0C13400D53B34 /* SceneDelegate.swift in Sources */,
				65F5E7342CE0C1A500D53B34 /* MathsFuncs.swift in Sources */,
			);
			runOnlyForDeploymentPostprocessing = 0;
		};
		65F5E7122CE0C13600D53B34 /* Sources */ = {
			isa = PBXSourcesBuildPhase;
			buildActionMask = 2147483647;
			files = (
				65F5E71B2CE0C13600D53B34 /* TestingTests.swift in Sources */,
			);
			runOnlyForDeploymentPostprocessing = 0;
		};
		65F5E71C2CE0C13600D53B34 /* Sources */ = {
			isa = PBXSourcesBuildPhase;
			buildActionMask = 2147483647;
			files = (
				65F5E7252CE0C13600D53B34 /* TestingUITests.swift in Sources */,
				65F5E7272CE0C13600D53B34 /* TestingUITestsLaunchTests.swift in Sources */,
			);
			runOnlyForDeploymentPostprocessing = 0;
		};
/* End PBXSourcesBuildPhase section */

/* Begin PBXTargetDependency section */
		65F5E7182CE0C13600D53B34 /* PBXTargetDependency */ = {
			isa = PBXTargetDependency;
			target = 65F5E6FF2CE0C13400D53B34 /* Testing */;
			targetProxy = 65F5E7172CE0C13600D53B34 /* PBXContainerItemProxy */;
		};
		65F5E7222CE0C13600D53B34 /* PBXTargetDependency */ = {
			isa = PBXTargetDependency;
			target = 65F5E6FF2CE0C13400D53B34 /* Testing */;
			targetProxy = 65F5E7212CE0C13600D53B34 /* PBXContainerItemProxy */;
		};
/* End PBXTargetDependency section */

/* Begin PBXVariantGroup section */
		65F5E7092CE0C13400D53B34 /* Main.storyboard */ = {
			isa = PBXVariantGroup;
			children = (
				65F5E70A2CE0C13400D53B34 /* Base */,
			);
			name = Main.storyboard;
			sourceTree = "<group>";
		};
		65F5E70E2CE0C13600D53B34 /* LaunchScreen.storyboard */ = {
			isa = PBXVariantGroup;
			children = (
				65F5E70F2CE0C13600D53B34 /* Base */,
			);
			name = LaunchScreen.storyboard;
			sourceTree = "<group>";
		};
/* End PBXVariantGroup section */

/* Begin XCBuildConfiguration section */
		65F5E7282CE0C13600D53B34 /* Debug */ = {
			isa = XCBuildConfiguration;
			buildSettings = {
				ALWAYS_SEARCH_USER_PATHS = NO;
				ASSETCATALOG_COMPILER_GENERATE_SWIFT_ASSET_SYMBOL_EXTENSIONS = YES;
				CLANG_ANALYZER_NONNULL = YES;
				CLANG_ANALYZER_NUMBER_OBJECT_CONVERSION = YES_AGGRESSIVE;
				CLANG_CXX_LANGUAGE_STANDARD = "gnu++20";
				CLANG_ENABLE_MODULES = YES;
				CLANG_ENABLE_OBJC_ARC = YES;
				CLANG_ENABLE_OBJC_WEAK = YES;
				CLANG_WARN_BLOCK_CAPTURE_AUTORELEASING = YES;
				CLANG_WARN_BOOL_CONVERSION = YES;
				CLANG_WARN_COMMA = YES;
				CLANG_WARN_CONSTANT_CONVERSION = YES;
				CLANG_WARN_DEPRECATED_OBJC_IMPLEMENTATIONS = YES;
				CLANG_WARN_DIRECT_OBJC_ISA_USAGE = YES_ERROR;
				CLANG_WARN_DOCUMENTATION_COMMENTS = YES;
				CLANG_WARN_EMPTY_BODY = YES;
				CLANG_WARN_ENUM_CONVERSION = YES;
				CLANG_WARN_INFINITE_RECURSION = YES;
				CLANG_WARN_INT_CONVERSION = YES;
				CLANG_WARN_NON_LITERAL_NULL_CONVERSION = YES;
				CLANG_WARN_OBJC_IMPLICIT_RETAIN_SELF = YES;
				CLANG_WARN_OBJC_LITERAL_CONVERSION = YES;
				CLANG_WARN_OBJC_ROOT_CLASS = YES_ERROR;
				CLANG_WARN_QUOTED_INCLUDE_IN_FRAMEWORK_HEADER = YES;
				CLANG_WARN_RANGE_LOOP_ANALYSIS = YES;
				CLANG_WARN_STRICT_PROTOTYPES = YES;
				CLANG_WARN_SUSPICIOUS_MOVE = YES;
				CLANG_WARN_UNGUARDED_AVAILABILITY = YES_AGGRESSIVE;
				CLANG_WARN_UNREACHABLE_CODE = YES;
				CLANG_WARN__DUPLICATE_METHOD_MATCH = YES;
				COPY_PHASE_STRIP = NO;
				DEBUG_INFORMATION_FORMAT = dwarf;
				ENABLE_STRICT_OBJC_MSGSEND = YES;
				ENABLE_TESTABILITY = YES;
				ENABLE_USER_SCRIPT_SANDBOXING = YES;
				GCC_C_LANGUAGE_STANDARD = gnu17;
				GCC_DYNAMIC_NO_PIC = NO;
				GCC_NO_COMMON_BLOCKS = YES;
				GCC_OPTIMIZATION_LEVEL = 0;
				GCC_PREPROCESSOR_DEFINITIONS = (
					"DEBUG=1",
					"$(inherited)",
				);
				GCC_WARN_64_TO_32_BIT_CONVERSION = YES;
				GCC_WARN_ABOUT_RETURN_TYPE = YES_ERROR;
				GCC_WARN_UNDECLARED_SELECTOR = YES;
				GCC_WARN_UNINITIALIZED_AUTOS = YES_AGGRESSIVE;
				GCC_WARN_UNUSED_FUNCTION = YES;
				GCC_WARN_UNUSED_VARIABLE = YES;
				IPHONEOS_DEPLOYMENT_TARGET = 17.5;
				LOCALIZATION_PREFERS_STRING_CATALOGS = YES;
				MTL_ENABLE_DEBUG_INFO = INCLUDE_SOURCE;
				MTL_FAST_MATH = YES;
				ONLY_ACTIVE_ARCH = YES;
				SDKROOT = iphoneos;
				SWIFT_ACTIVE_COMPILATION_CONDITIONS = "DEBUG $(inherited)";
				SWIFT_OPTIMIZATION_LEVEL = "-Onone";
			};
			name = Debug;
		};
		65F5E7292CE0C13600D53B34 /* Release */ = {
			isa = XCBuildConfiguration;
			buildSettings = {
				ALWAYS_SEARCH_USER_PATHS = NO;
				ASSETCATALOG_COMPILER_GENERATE_SWIFT_ASSET_SYMBOL_EXTENSIONS = YES;
				CLANG_ANALYZER_NONNULL = YES;
				CLANG_ANALYZER_NUMBER_OBJECT_CONVERSION = YES_AGGRESSIVE;
				CLANG_CXX_LANGUAGE_STANDARD = "gnu++20";
				CLANG_ENABLE_MODULES = YES;
				CLANG_ENABLE_OBJC_ARC = YES;
				CLANG_ENABLE_OBJC_WEAK = YES;
				CLANG_WARN_BLOCK_CAPTURE_AUTORELEASING = YES;
				CLANG_WARN_BOOL_CONVERSION = YES;
				CLANG_WARN_COMMA = YES;
				CLANG_WARN_CONSTANT_CONVERSION = YES;
				CLANG_WARN_DEPRECATED_OBJC_IMPLEMENTATIONS = YES;
				CLANG_WARN_DIRECT_OBJC_ISA_USAGE = YES_ERROR;
				CLANG_WARN_DOCUMENTATION_COMMENTS = YES;
				CLANG_WARN_EMPTY_BODY = YES;
				CLANG_WARN_ENUM_CONVERSION = YES;
				CLANG_WARN_INFINITE_RECURSION = YES;
				CLANG_WARN_INT_CONVERSION = YES;
				CLANG_WARN_NON_LITERAL_NULL_CONVERSION = YES;
				CLANG_WARN_OBJC_IMPLICIT_RETAIN_SELF = YES;
				CLANG_WARN_OBJC_LITERAL_CONVERSION = YES;
				CLANG_WARN_OBJC_ROOT_CLASS = YES_ERROR;
				CLANG_WARN_QUOTED_INCLUDE_IN_FRAMEWORK_HEADER = YES;
				CLANG_WARN_RANGE_LOOP_ANALYSIS = YES;
				CLANG_WARN_STRICT_PROTOTYPES = YES;
				CLANG_WARN_SUSPICIOUS_MOVE = YES;
				CLANG_WARN_UNGUARDED_AVAILABILITY = YES_AGGRESSIVE;
				CLANG_WARN_UNREACHABLE_CODE = YES;
				CLANG_WARN__DUPLICATE_METHOD_MATCH = YES;
				COPY_PHASE_STRIP = NO;
				DEBUG_INFORMATION_FORMAT = "dwarf-with-dsym";
				ENABLE_NS_ASSERTIONS = NO;
				ENABLE_STRICT_OBJC_MSGSEND = YES;
				ENABLE_USER_SCRIPT_SANDBOXING = YES;
				GCC_C_LANGUAGE_STANDARD = gnu17;
				GCC_NO_COMMON_BLOCKS = YES;
				GCC_WARN_64_TO_32_BIT_CONVERSION = YES;
				GCC_WARN_ABOUT_RETURN_TYPE = YES_ERROR;
				GCC_WARN_UNDECLARED_SELECTOR = YES;
				GCC_WARN_UNINITIALIZED_AUTOS = YES_AGGRESSIVE;
				GCC_WARN_UNUSED_FUNCTION = YES;
				GCC_WARN_UNUSED_VARIABLE = YES;
				IPHONEOS_DEPLOYMENT_TARGET = 17.5;
				LOCALIZATION_PREFERS_STRING_CATALOGS = YES;
				MTL_ENABLE_DEBUG_INFO = NO;
				MTL_FAST_MATH = YES;
				SDKROOT = iphoneos;
				SWIFT_COMPILATION_MODE = wholemodule;
				VALIDATE_PRODUCT = YES;
			};
			name = Release;
		};
		65F5E72B2CE0C13600D53B34 /* Debug */ = {
			isa = XCBuildConfiguration;
			buildSettings = {
				ASSETCATALOG_COMPILER_APPICON_NAME = AppIcon;
				ASSETCATALOG_COMPILER_GLOBAL_ACCENT_COLOR_NAME = AccentColor;
				CODE_SIGN_STYLE = Automatic;
				CURRENT_PROJECT_VERSION = 1;
				GENERATE_INFOPLIST_FILE = YES;
				INFOPLIST_FILE = Testing/Info.plist;
				INFOPLIST_KEY_UIApplicationSupportsIndirectInputEvents = YES;
				INFOPLIST_KEY_UILaunchStoryboardName = LaunchScreen;
				INFOPLIST_KEY_UIMainStoryboardFile = Main;
				INFOPLIST_KEY_UISupportedInterfaceOrientations_iPad = "UIInterfaceOrientationPortrait UIInterfaceOrientationPortraitUpsideDown UIInterfaceOrientationLandscapeLeft UIInterfaceOrientationLandscapeRight";
				INFOPLIST_KEY_UISupportedInterfaceOrientations_iPhone = "UIInterfaceOrientationPortrait UIInterfaceOrientationLandscapeLeft UIInterfaceOrientationLandscapeRight";
				LD_RUNPATH_SEARCH_PATHS = (
					"$(inherited)",
					"@executable_path/Frameworks",
				);
				MARKETING_VERSION = 1.0;
				PRODUCT_BUNDLE_IDENTIFIER = com.haticetasdemir.Testing;
				PRODUCT_NAME = "$(TARGET_NAME)";
				SWIFT_EMIT_LOC_STRINGS = YES;
				SWIFT_VERSION = 5.0;
				TARGETED_DEVICE_FAMILY = "1,2";
			};
			name = Debug;
		};
		65F5E72C2CE0C13600D53B34 /* Release */ = {
			isa = XCBuildConfiguration;
			buildSettings = {
				ASSETCATALOG_COMPILER_APPICON_NAME = AppIcon;
				ASSETCATALOG_COMPILER_GLOBAL_ACCENT_COLOR_NAME = AccentColor;
				CODE_SIGN_STYLE = Automatic;
				CURRENT_PROJECT_VERSION = 1;
				GENERATE_INFOPLIST_FILE = YES;
				INFOPLIST_FILE = Testing/Info.plist;
				INFOPLIST_KEY_UIApplicationSupportsIndirectInputEvents = YES;
				INFOPLIST_KEY_UILaunchStoryboardName = LaunchScreen;
				INFOPLIST_KEY_UIMainStoryboardFile = Main;
				INFOPLIST_KEY_UISupportedInterfaceOrientations_iPad = "UIInterfaceOrientationPortrait UIInterfaceOrientationPortraitUpsideDown UIInterfaceOrientationLandscapeLeft UIInterfaceOrientationLandscapeRight";
				INFOPLIST_KEY_UISupportedInterfaceOrientations_iPhone = "UIInterfaceOrientationPortrait UIInterfaceOrientationLandscapeLeft UIInterfaceOrientationLandscapeRight";
				LD_RUNPATH_SEARCH_PATHS = (
					"$(inherited)",
					"@executable_path/Frameworks",
				);
				MARKETING_VERSION = 1.0;
				PRODUCT_BUNDLE_IDENTIFIER = com.haticetasdemir.Testing;
				PRODUCT_NAME = "$(TARGET_NAME)";
				SWIFT_EMIT_LOC_STRINGS = YES;
				SWIFT_VERSION = 5.0;
				TARGETED_DEVICE_FAMILY = "1,2";
			};
			name = Release;
		};
		65F5E72E2CE0C13600D53B34 /* Debug */ = {
			isa = XCBuildConfiguration;
			buildSettings = {
				ALWAYS_EMBED_SWIFT_STANDARD_LIBRARIES = YES;
				BUNDLE_LOADER = "$(TEST_HOST)";
				CODE_SIGN_STYLE = Automatic;
				CURRENT_PROJECT_VERSION = 1;
				GENERATE_INFOPLIST_FILE = YES;
				IPHONEOS_DEPLOYMENT_TARGET = 17.5;
				MARKETING_VERSION = 1.0;
				PRODUCT_BUNDLE_IDENTIFIER = com.haticetasdemir.TestingTests;
				PRODUCT_NAME = "$(TARGET_NAME)";
				SWIFT_EMIT_LOC_STRINGS = NO;
				SWIFT_VERSION = 5.0;
				TARGETED_DEVICE_FAMILY = "1,2";
				TEST_HOST = "$(BUILT_PRODUCTS_DIR)/Testing.app/$(BUNDLE_EXECUTABLE_FOLDER_PATH)/Testing";
			};
			name = Debug;
		};
		65F5E72F2CE0C13600D53B34 /* Release */ = {
			isa = XCBuildConfiguration;
			buildSettings = {
				ALWAYS_EMBED_SWIFT_STANDARD_LIBRARIES = YES;
				BUNDLE_LOADER = "$(TEST_HOST)";
				CODE_SIGN_STYLE = Automatic;
				CURRENT_PROJECT_VERSION = 1;
				GENERATE_INFOPLIST_FILE = YES;
				IPHONEOS_DEPLOYMENT_TARGET = 17.5;
				MARKETING_VERSION = 1.0;
				PRODUCT_BUNDLE_IDENTIFIER = com.haticetasdemir.TestingTests;
				PRODUCT_NAME = "$(TARGET_NAME)";
				SWIFT_EMIT_LOC_STRINGS = NO;
				SWIFT_VERSION = 5.0;
				TARGETED_DEVICE_FAMILY = "1,2";
				TEST_HOST = "$(BUILT_PRODUCTS_DIR)/Testing.app/$(BUNDLE_EXECUTABLE_FOLDER_PATH)/Testing";
			};
			name = Release;
		};
		65F5E7312CE0C13600D53B34 /* Debug */ = {
			isa = XCBuildConfiguration;
			buildSettings = {
				ALWAYS_EMBED_SWIFT_STANDARD_LIBRARIES = YES;
				CODE_SIGN_STYLE = Automatic;
				CURRENT_PROJECT_VERSION = 1;
				GENERATE_INFOPLIST_FILE = YES;
				MARKETING_VERSION = 1.0;
				PRODUCT_BUNDLE_IDENTIFIER = com.haticetasdemir.TestingUITests;
				PRODUCT_NAME = "$(TARGET_NAME)";
				SWIFT_EMIT_LOC_STRINGS = NO;
				SWIFT_VERSION = 5.0;
				TARGETED_DEVICE_FAMILY = "1,2";
				TEST_TARGET_NAME = Testing;
			};
			name = Debug;
		};
		65F5E7322CE0C13600D53B34 /* Release */ = {
			isa = XCBuildConfiguration;
			buildSettings = {
				ALWAYS_EMBED_SWIFT_STANDARD_LIBRARIES = YES;
				CODE_SIGN_STYLE = Automatic;
				CURRENT_PROJECT_VERSION = 1;
				GENERATE_INFOPLIST_FILE = YES;
				MARKETING_VERSION = 1.0;
				PRODUCT_BUNDLE_IDENTIFIER = com.haticetasdemir.TestingUITests;
				PRODUCT_NAME = "$(TARGET_NAME)";
				SWIFT_EMIT_LOC_STRINGS = NO;
				SWIFT_VERSION = 5.0;
				TARGETED_DEVICE_FAMILY = "1,2";
				TEST_TARGET_NAME = Testing;
			};
			name = Release;
		};
/* End XCBuildConfiguration section */

/* Begin XCConfigurationList section */
		65F5E6FB2CE0C13400D53B34 /* Build configuration list for PBXProject "Testing" */ = {
			isa = XCConfigurationList;
			buildConfigurations = (
				65F5E7282CE0C13600D53B34 /* Debug */,
				65F5E7292CE0C13600D53B34 /* Release */,
			);
			defaultConfigurationIsVisible = 0;
			defaultConfigurationName = Release;
		};
		65F5E72A2CE0C13600D53B34 /* Build configuration list for PBXNativeTarget "Testing" */ = {
			isa = XCConfigurationList;
			buildConfigurations = (
				65F5E72B2CE0C13600D53B34 /* Debug */,
				65F5E72C2CE0C13600D53B34 /* Release */,
			);
			defaultConfigurationIsVisible = 0;
			defaultConfigurationName = Release;
		};
		65F5E72D2CE0C13600D53B34 /* Build configuration list for PBXNativeTarget "TestingTests" */ = {
			isa = XCConfigurationList;
			buildConfigurations = (
				65F5E72E2CE0C13600D53B34 /* Debug */,
				65F5E72F2CE0C13600D53B34 /* Release */,
			);
			defaultConfigurationIsVisible = 0;
			defaultConfigurationName = Release;
		};
		65F5E7302CE0C13600D53B34 /* Build configuration list for PBXNativeTarget "TestingUITests" */ = {
			isa = XCConfigurationList;
			buildConfigurations = (
				65F5E7312CE0C13600D53B34 /* Debug */,
				65F5E7322CE0C13600D53B34 /* Release */,
			);
			defaultConfigurationIsVisible = 0;
			defaultConfigurationName = Release;
		};
/* End XCConfigurationList section */
	};
	rootObject = 65F5E6F82CE0C13400D53B34 /* Project object */;
}
